
Microsoft Visual Studio Solution File, Format Version 12.00
# Visual Studio Version 16
VisualStudioVersion = 16.0.31410.357
MinimumVisualStudioVersion = 10.0.40219.1
Project("{9A19103F-16F7-4668-BE54-9A1E7A4F7556}") = "Modelo", "Modelo\Modelo.csproj", "{D3450B03-093B-453E-8078-8798B5A132E8}"
EndProject
Project("{9A19103F-16F7-4668-BE54-9A1E7A4F7556}") = "ModeloDB", "ModeloDB\ModeloDB.csproj", "{00B99FF4-DEF9-48DB-8847-5A2B64E0F7C9}"
EndProject
Project("{9A19103F-16F7-4668-BE54-9A1E7A4F7556}") = "AppConsola", "AppConsola\AppConsola.csproj", "{41547840-F305-49BE-9036-3515961A6414}"
EndProject
Project("{FAE04EC0-301F-11D3-BF4B-00C04F79EFBC}") = "CargaDatos", "CargaDatos\CargaDatos.csproj", "{34461FD2-F7E2-4507-825D-F0DDCEADC98B}"
EndProject
Global
	GlobalSection(SolutionConfigurationPlatforms) = preSolution
		Debug|Any CPU = Debug|Any CPU
		Release|Any CPU = Release|Any CPU
	EndGlobalSection
	GlobalSection(ProjectConfigurationPlatforms) = postSolution
		{D3450B03-093B-453E-8078-8798B5A132E8}.Debug|Any CPU.ActiveCfg = Debug|Any CPU
		{D3450B03-093B-453E-8078-8798B5A132E8}.Debug|Any CPU.Build.0 = Debug|Any CPU
		{D3450B03-093B-453E-8078-8798B5A132E8}.Release|Any CPU.ActiveCfg = Release|Any CPU
		{D3450B03-093B-453E-8078-8798B5A132E8}.Release|Any CPU.Build.0 = Release|Any CPU
		{00B99FF4-DEF9-48DB-8847-5A2B64E0F7C9}.Debug|Any CPU.ActiveCfg = Debug|Any CPU
		{00B99FF4-DEF9-48DB-8847-5A2B64E0F7C9}.Debug|Any CPU.Build.0 = Debug|Any CPU
		{00B99FF4-DEF9-48DB-8847-5A2B64E0F7C9}.Release|Any CPU.ActiveCfg = Release|Any CPU
		{00B99FF4-DEF9-48DB-8847-5A2B64E0F7C9}.Release|Any CPU.Build.0 = Release|Any CPU
		{41547840-F305-49BE-9036-3515961A6414}.Debug|Any CPU.ActiveCfg = Debug|Any CPU
		{41547840-F305-49BE-9036-3515961A6414}.Debug|Any CPU.Build.0 = Debug|Any CPU
		{41547840-F305-49BE-9036-3515961A6414}.Release|Any CPU.ActiveCfg = Release|Any CPU
		{41547840-F305-49BE-9036-3515961A6414}.Release|Any CPU.Build.0 = Release|Any CPU
		{34461FD2-F7E2-4507-825D-F0DDCEADC98B}.Debug|Any CPU.ActiveCfg = Debug|Any CPU
		{34461FD2-F7E2-4507-825D-F0DDCEADC98B}.Debug|Any CPU.Build.0 = Debug|Any CPU
		{34461FD2-F7E2-4507-825D-F0DDCEADC98B}.Release|Any CPU.ActiveCfg = Release|Any CPU
		{34461FD2-F7E2-4507-825D-F0DDCEADC98B}.Release|Any CPU.Build.0 = Release|Any CPU
	EndGlobalSection
	GlobalSection(SolutionProperties) = preSolution
		HideSolutionNode = FALSE
	EndGlobalSection
	GlobalSection(ExtensibilityGlobals) = postSolution
		SolutionGuid = {70778AC3-03B4-4B3C-B15D-CAA24401A831}
	EndGlobalSection
EndGlobal
